{
  "name": "pixi-match3",
  "version": "1.0.0",
  "lockfileVersion": 1,
  "requires": true,
  "dependencies": {
    "@babel/code-frame": {
      "version": "7.5.5",
      "resolved": "https://registry.npm.taobao.org/@babel/code-frame/download/@babel/code-frame-7.5.5.tgz",
      "integrity": "sha1-vAeC9tafe31JUxIZaZuYj2aaj50=",
      "dev": true,
      "requires": {
        "@babel/highlight": "^7.0.0"
      }
    },
    "@babel/highlight": {
      "version": "7.5.0",
      "resolved": "https://registry.npm.taobao.org/@babel/highlight/download/@babel/highlight-7.5.0.tgz",
      "integrity": "sha1-VtETEr2SSPphlZHQJHK+boyzJUA=",
      "dev": true,
      "requires": {
        "chalk": "^2.0.0",
        "esutils": "^2.0.2",
        "js-tokens": "^4.0.0"
      }
    },
    "@pixi/accessibility": {
      "version": "5.2.0",
      "resolved": "https://registry.npm.taobao.org/@pixi/accessibility/download/@pixi/accessibility-5.2.0.tgz",
      "integrity": "sha1-5ZqHbhzq8UmBH+Il4XHxbMLMvvY=",
      "requires": {
        "@pixi/core": "^5.2.0",
        "@pixi/display": "^5.2.0",
        "@pixi/utils": "^5.2.0"
      }
    },
    "@pixi/app": {
      "version": "5.2.0",
      "resolved": "https://registry.npm.taobao.org/@pixi/app/download/@pixi/app-5.2.0.tgz",
      "integrity": "sha1-3SFv08/C4pD79iIAY5vI7jc4uj4=",
      "requires": {
        "@pixi/core": "^5.2.0",
        "@pixi/display": "^5.2.0"
      }
    },
    "@pixi/constants": {
      "version": "5.2.0",
      "resolved": "https://registry.npm.taobao.org/@pixi/constants/download/@pixi/constants-5.2.0.tgz",
      "integrity": "sha1-Ld96pi0BQSE2+XPcnzFtCqvYRbo="
    },
    "@pixi/core": {
      "version": "5.2.0",
      "resolved": "https://registry.npm.taobao.org/@pixi/core/download/@pixi/core-5.2.0.tgz",
      "integrity": "sha1-XInlL5br+VvzQI3Xg9eWly18zVg=",
      "requires": {
        "@pixi/constants": "^5.2.0",
        "@pixi/display": "^5.2.0",
        "@pixi/math": "^5.2.0",
        "@pixi/runner": "^5.2.0",
        "@pixi/settings": "^5.2.0",
        "@pixi/ticker": "^5.2.0",
        "@pixi/utils": "^5.2.0"
      }
    },
    "@pixi/display": {
      "version": "5.2.0",
      "resolved": "https://registry.npm.taobao.org/@pixi/display/download/@pixi/display-5.2.0.tgz",
      "integrity": "sha1-9spHwQ2xN5tiCR5mS3o6cMCV6BQ=",
      "requires": {
        "@pixi/math": "^5.2.0",
        "@pixi/settings": "^5.2.0",
        "@pixi/utils": "^5.2.0"
      }
    },
    "@pixi/extract": {
      "version": "5.2.0",
      "resolved": "https://registry.npm.taobao.org/@pixi/extract/download/@pixi/extract-5.2.0.tgz",
      "integrity": "sha1-ukR0U4D0CxBFQ4cd5NsJttLQn3o=",
      "requires": {
        "@pixi/core": "^5.2.0",
        "@pixi/math": "^5.2.0",
        "@pixi/utils": "^5.2.0"
      }
    },
    "@pixi/filter-alpha": {
      "version": "5.2.0",
      "resolved": "https://registry.npm.taobao.org/@pixi/filter-alpha/download/@pixi/filter-alpha-5.2.0.tgz",
      "integrity": "sha1-oLAoZV7pWp12ljqF1+eMZ0IROzw=",
      "requires": {
        "@pixi/core": "^5.2.0"
      }
    },
    "@pixi/filter-blur": {
      "version": "5.2.0",
      "resolved": "https://registry.npm.taobao.org/@pixi/filter-blur/download/@pixi/filter-blur-5.2.0.tgz",
      "integrity": "sha1-qSa54Wq/q1Hfsb7ySD/7JM8Ccn0=",
      "requires": {
        "@pixi/core": "^5.2.0",
        "@pixi/settings": "^5.2.0"
      }
    },
    "@pixi/filter-color-matrix": {
      "version": "5.2.0",
      "resolved": "https://registry.npm.taobao.org/@pixi/filter-color-matrix/download/@pixi/filter-color-matrix-5.2.0.tgz",
      "integrity": "sha1-rkaFwXeDiOp67SNBcYCEaghlPfs=",
      "requires": {
        "@pixi/core": "^5.2.0"
      }
    },
    "@pixi/filter-displacement": {
      "version": "5.2.0",
      "resolved": "https://registry.npm.taobao.org/@pixi/filter-displacement/download/@pixi/filter-displacement-5.2.0.tgz",
      "integrity": "sha1-wkIDk6yK6d2R6m+3Qm9ItfIBwiQ=",
      "requires": {
        "@pixi/core": "^5.2.0",
        "@pixi/math": "^5.2.0"
      }
    },
    "@pixi/filter-fxaa": {
      "version": "5.2.0",
      "resolved": "https://registry.npm.taobao.org/@pixi/filter-fxaa/download/@pixi/filter-fxaa-5.2.0.tgz",
      "integrity": "sha1-V9hXnNgGgxdjeQF5MV7jfmn24uY=",
      "requires": {
        "@pixi/core": "^5.2.0"
      }
    },
    "@pixi/filter-noise": {
      "version": "5.2.0",
      "resolved": "https://registry.npm.taobao.org/@pixi/filter-noise/download/@pixi/filter-noise-5.2.0.tgz",
      "integrity": "sha1-YWSCgpKoCj/8h4UH/PpPb8i/f6E=",
      "requires": {
        "@pixi/core": "^5.2.0"
      }
    },
    "@pixi/graphics": {
      "version": "5.2.0",
      "resolved": "https://registry.npm.taobao.org/@pixi/graphics/download/@pixi/graphics-5.2.0.tgz",
      "integrity": "sha1-0al28CV9U91q31YX84pFJo8NC5Y=",
      "requires": {
        "@pixi/constants": "^5.2.0",
        "@pixi/core": "^5.2.0",
        "@pixi/display": "^5.2.0",
        "@pixi/math": "^5.2.0",
        "@pixi/sprite": "^5.2.0",
        "@pixi/utils": "^5.2.0"
      }
    },
    "@pixi/interaction": {
      "version": "5.2.0",
      "resolved": "https://registry.npm.taobao.org/@pixi/interaction/download/@pixi/interaction-5.2.0.tgz",
      "integrity": "sha1-wlmMhs/ejWjuFB/Ohh7jXjpZUMA=",
      "requires": {
        "@pixi/core": "^5.2.0",
        "@pixi/display": "^5.2.0",
        "@pixi/math": "^5.2.0",
        "@pixi/ticker": "^5.2.0",
        "@pixi/utils": "^5.2.0"
      }
    },
    "@pixi/loaders": {
      "version": "5.2.0",
      "resolved": "https://registry.npm.taobao.org/@pixi/loaders/download/@pixi/loaders-5.2.0.tgz",
      "integrity": "sha1-gDpyOVUWQo040THRqsWwAIzzFIw=",
      "requires": {
        "@pixi/core": "^5.2.0",
        "@pixi/utils": "^5.2.0",
        "resource-loader": "^3.0.1"
      }
    },
    "@pixi/math": {
      "version": "5.2.0",
      "resolved": "https://registry.npm.taobao.org/@pixi/math/download/@pixi/math-5.2.0.tgz",
      "integrity": "sha1-TIU7hiGjF5G+at6c381BaMabgHk="
    },
    "@pixi/mesh": {
      "version": "5.2.0",
      "resolved": "https://registry.npm.taobao.org/@pixi/mesh/download/@pixi/mesh-5.2.0.tgz",
      "integrity": "sha1-bl8IXplZM3sme0cS5U2GDs4otII=",
      "requires": {
        "@pixi/constants": "^5.2.0",
        "@pixi/core": "^5.2.0",
        "@pixi/display": "^5.2.0",
        "@pixi/math": "^5.2.0",
        "@pixi/settings": "^5.2.0",
        "@pixi/utils": "^5.2.0"
      }
    },
    "@pixi/mesh-extras": {
      "version": "5.2.0",
      "resolved": "https://registry.npm.taobao.org/@pixi/mesh-extras/download/@pixi/mesh-extras-5.2.0.tgz",
      "integrity": "sha1-PFla5WwzcWoTyMOiuVeUpwWR3Zg=",
      "requires": {
        "@pixi/constants": "^5.2.0",
        "@pixi/core": "^5.2.0",
        "@pixi/math": "^5.2.0",
        "@pixi/mesh": "^5.2.0",
        "@pixi/utils": "^5.2.0"
      }
    },
    "@pixi/mixin-cache-as-bitmap": {
      "version": "5.2.0",
      "resolved": "https://registry.npm.taobao.org/@pixi/mixin-cache-as-bitmap/download/@pixi/mixin-cache-as-bitmap-5.2.0.tgz",
      "integrity": "sha1-NJz0Q20tK+olz0W04PRdUznhkac=",
      "requires": {
        "@pixi/core": "^5.2.0",
        "@pixi/display": "^5.2.0",
        "@pixi/math": "^5.2.0",
        "@pixi/settings": "^5.2.0",
        "@pixi/sprite": "^5.2.0",
        "@pixi/utils": "^5.2.0"
      }
    },
    "@pixi/mixin-get-child-by-name": {
      "version": "5.2.0",
      "resolved": "https://registry.npm.taobao.org/@pixi/mixin-get-child-by-name/download/@pixi/mixin-get-child-by-name-5.2.0.tgz",
      "integrity": "sha1-hXkDxC42qrAegNCuXLnoh3vuMhI=",
      "requires": {
        "@pixi/display": "^5.2.0"
      }
    },
    "@pixi/mixin-get-global-position": {
      "version": "5.2.0",
      "resolved": "https://registry.npm.taobao.org/@pixi/mixin-get-global-position/download/@pixi/mixin-get-global-position-5.2.0.tgz",
      "integrity": "sha1-Qq3EoLqcAhhtOrWWR0S90xbOoqY=",
      "requires": {
        "@pixi/display": "^5.2.0",
        "@pixi/math": "^5.2.0"
      }
    },
    "@pixi/particles": {
      "version": "5.2.0",
      "resolved": "https://registry.npm.taobao.org/@pixi/particles/download/@pixi/particles-5.2.0.tgz",
      "integrity": "sha1-yWcYhryRrN0xi1bMCc3y95gaHKE=",
      "requires": {
        "@pixi/constants": "^5.2.0",
        "@pixi/core": "^5.2.0",
        "@pixi/display": "^5.2.0",
        "@pixi/math": "^5.2.0",
        "@pixi/utils": "^5.2.0"
      }
    },
    "@pixi/polyfill": {
      "version": "5.2.0",
      "resolved": "https://registry.npm.taobao.org/@pixi/polyfill/download/@pixi/polyfill-5.2.0.tgz",
      "integrity": "sha1-aUdsizQy7mYdrP8ac9CIfeDY7z4=",
      "requires": {
        "es6-promise-polyfill": "^1.2.0",
        "object-assign": "^4.1.1"
      }
    },
    "@pixi/prepare": {
      "version": "5.2.0",
      "resolved": "https://registry.npm.taobao.org/@pixi/prepare/download/@pixi/prepare-5.2.0.tgz",
      "integrity": "sha1-xiQR+Ya2HgVfmQanhDFfqRFOg1o=",
      "requires": {
        "@pixi/core": "^5.2.0",
        "@pixi/display": "^5.2.0",
        "@pixi/graphics": "^5.2.0",
        "@pixi/settings": "^5.2.0",
        "@pixi/text": "^5.2.0",
        "@pixi/ticker": "^5.2.0"
      }
    },
    "@pixi/runner": {
      "version": "5.2.0",
      "resolved": "https://registry.npm.taobao.org/@pixi/runner/download/@pixi/runner-5.2.0.tgz",
      "integrity": "sha1-uTaI4u0i9Zscd5vkUHMPODyuVpE="
    },
    "@pixi/settings": {
      "version": "5.2.0",
      "resolved": "https://registry.npm.taobao.org/@pixi/settings/download/@pixi/settings-5.2.0.tgz",
      "integrity": "sha1-NOKprSWzS+dSJoRkF8gGpA1sZhU=",
      "requires": {
        "ismobilejs": "^0.5.1"
      }
    },
    "@pixi/sprite": {
      "version": "5.2.0",
      "resolved": "https://registry.npm.taobao.org/@pixi/sprite/download/@pixi/sprite-5.2.0.tgz",
      "integrity": "sha1-eCmkPIAeSaYWwg9oF530M2ZDowQ=",
      "requires": {
        "@pixi/constants": "^5.2.0",
        "@pixi/core": "^5.2.0",
        "@pixi/display": "^5.2.0",
        "@pixi/math": "^5.2.0",
        "@pixi/settings": "^5.2.0",
        "@pixi/utils": "^5.2.0"
      }
    },
    "@pixi/sprite-animated": {
      "version": "5.2.0",
      "resolved": "https://registry.npm.taobao.org/@pixi/sprite-animated/download/@pixi/sprite-animated-5.2.0.tgz",
      "integrity": "sha1-4TofoRLgfyQiy1EMNZu25dK6j2s=",
      "requires": {
        "@pixi/core": "^5.2.0",
        "@pixi/sprite": "^5.2.0",
        "@pixi/ticker": "^5.2.0"
      }
    },
    "@pixi/sprite-tiling": {
      "version": "5.2.0",
      "resolved": "https://registry.npm.taobao.org/@pixi/sprite-tiling/download/@pixi/sprite-tiling-5.2.0.tgz",
      "integrity": "sha1-GUtL6cejqZ9HI9RhSUjv3+lw2rQ=",
      "requires": {
        "@pixi/constants": "^5.2.0",
        "@pixi/core": "^5.2.0",
        "@pixi/display": "^5.2.0",
        "@pixi/math": "^5.2.0",
        "@pixi/sprite": "^5.2.0",
        "@pixi/utils": "^5.2.0"
      }
    },
    "@pixi/spritesheet": {
      "version": "5.2.0",
      "resolved": "https://registry.npm.taobao.org/@pixi/spritesheet/download/@pixi/spritesheet-5.2.0.tgz",
      "integrity": "sha1-v0wuhbU/06TI3raw9gIjANXLpPA=",
      "requires": {
        "@pixi/core": "^5.2.0",
        "@pixi/loaders": "^5.2.0",
        "@pixi/math": "^5.2.0",
        "@pixi/utils": "^5.2.0"
      }
    },
    "@pixi/text": {
      "version": "5.2.0",
      "resolved": "https://registry.npm.taobao.org/@pixi/text/download/@pixi/text-5.2.0.tgz",
      "integrity": "sha1-m420Uy01O+YX98YLRhIUuhqvmXk=",
      "requires": {
        "@pixi/core": "^5.2.0",
        "@pixi/math": "^5.2.0",
        "@pixi/settings": "^5.2.0",
        "@pixi/sprite": "^5.2.0",
        "@pixi/utils": "^5.2.0"
      }
    },
    "@pixi/text-bitmap": {
      "version": "5.2.0",
      "resolved": "https://registry.npm.taobao.org/@pixi/text-bitmap/download/@pixi/text-bitmap-5.2.0.tgz",
      "integrity": "sha1-p4eQjOuGOQcLk3dwS8MxehG88Yc=",
      "requires": {
        "@pixi/core": "^5.2.0",
        "@pixi/display": "^5.2.0",
        "@pixi/loaders": "^5.2.0",
        "@pixi/math": "^5.2.0",
        "@pixi/settings": "^5.2.0",
        "@pixi/sprite": "^5.2.0",
        "@pixi/utils": "^5.2.0"
      }
    },
    "@pixi/ticker": {
      "version": "5.2.0",
      "resolved": "https://registry.npm.taobao.org/@pixi/ticker/download/@pixi/ticker-5.2.0.tgz",
      "integrity": "sha1-bg2uhy0MfcVFgGfBD9Z0OwzhWWA=",
      "requires": {
        "@pixi/settings": "^5.2.0"
      }
    },
    "@pixi/utils": {
      "version": "5.2.0",
      "resolved": "https://registry.npm.taobao.org/@pixi/utils/download/@pixi/utils-5.2.0.tgz",
      "integrity": "sha1-EajwDG5SKSyte9NxEKSi7CVx6mw=",
      "requires": {
        "@pixi/constants": "^5.2.0",
        "@pixi/settings": "^5.2.0",
        "earcut": "^2.1.5",
        "eventemitter3": "^3.1.0",
        "url": "^0.11.0"
      }
    },
    "@tweenjs/tween.js": {
      "version": "18.4.2",
      "resolved": "https://registry.npm.taobao.org/@tweenjs/tween.js/download/@tweenjs/tween.js-18.4.2.tgz",
      "integrity": "sha1-HACMIyXzANtA8NsqawXTKV4KWsU="
    },
    "@types/estree": {
      "version": "0.0.39",
      "resolved": "https://registry.npm.taobao.org/@types/estree/download/@types/estree-0.0.39.tgz?cache=0&sync_timestamp=1572461973040&other_urls=https%3A%2F%2Fregistry.npm.taobao.org%2F%40types%2Festree%2Fdownload%2F%40types%2Festree-0.0.39.tgz",
      "integrity": "sha1-4Xfmme4bjCLSMXTKqnQiZEOJUJ8=",
      "dev": true
    },
    "@types/howler": {
      "version": "2.1.2",
      "resolved": "https://registry.npm.taobao.org/@types/howler/download/@types/howler-2.1.2.tgz",
      "integrity": "sha1-MYqcrGXuuO19RT3XDJNnBn01E3s=",
      "dev": true
    },
    "@types/node": {
      "version": "12.12.7",
      "resolved": "https://registry.npm.taobao.org/@types/node/download/@types/node-12.12.7.tgz?cache=0&sync_timestamp=1573254120760&other_urls=https%3A%2F%2Fregistry.npm.taobao.org%2F%40types%2Fnode%2Fdownload%2F%40types%2Fnode-12.12.7.tgz",
      "integrity": "sha1-AeTqck2eO9UNkMEf1ZgLoxfY+hE=",
      "dev": true
    },
    "@types/resolve": {
      "version": "0.0.8",
      "resolved": "https://registry.npm.taobao.org/@types/resolve/download/@types/resolve-0.0.8.tgz",
      "integrity": "sha1-8mB00jjgJlnjI84aE9BB7uKA4ZQ=",
      "dev": true,
      "requires": {
        "@types/node": "*"
      }
    },
    "@types/tween.js": {
      "version": "17.2.0",
      "resolved": "https://registry.npm.taobao.org/@types/tween.js/download/@types/tween.js-17.2.0.tgz",
      "integrity": "sha1-JfmDEdrssWWrke4s1/F6mx5swww=",
      "dev": true
    },
    "acorn": {
      "version": "6.4.1",
      "resolved": "https://registry.npmjs.org/acorn/-/acorn-6.4.1.tgz",
      "integrity": "sha512-ZVA9k326Nwrj3Cj9jlh3wGFutC2ZornPNARZwsNYqQYgN0EsV2d53w5RN/co65Ohn4sUAUtb1rSUAOD6XN9idA==",
      "dev": true
    },
    "acorn-dynamic-import": {
      "version": "4.0.0",
      "resolved": "https://registry.npm.taobao.org/acorn-dynamic-import/download/acorn-dynamic-import-4.0.0.tgz",
      "integrity": "sha1-SCIQFAWCo2uDw+NC4c/ryqkkCUg=",
      "dev": true
    },
    "acorn-jsx": {
      "version": "5.1.0",
      "resolved": "https://registry.npm.taobao.org/acorn-jsx/download/acorn-jsx-5.1.0.tgz",
      "integrity": "sha1-KUrbcbVzmLBoABXwo4xWPuHbU4Q=",
      "dev": true
    },
    "ansi-styles": {
      "version": "3.2.1",
      "resolved": "https://registry.npm.taobao.org/ansi-styles/download/ansi-styles-3.2.1.tgz?cache=0&sync_timestamp=1566430679283&other_urls=https%3A%2F%2Fregistry.npm.taobao.org%2Fansi-styles%2Fdownload%2Fansi-styles-3.2.1.tgz",
      "integrity": "sha1-QfuyAkPlCxK+DwS43tvwdSDOhB0=",
      "dev": true,
      "requires": {
        "color-convert": "^1.9.0"
      }
    },
    "buble": {
      "version": "0.19.8",
      "resolved": "https://registry.npm.taobao.org/buble/download/buble-0.19.8.tgz?cache=0&sync_timestamp=1562145121027&other_urls=https%3A%2F%2Fregistry.npm.taobao.org%2Fbuble%2Fdownload%2Fbuble-0.19.8.tgz",
      "integrity": "sha1-1kLwCBr6tm3M2JfXtjYNlAMLnT0=",
      "dev": true,
      "requires": {
        "acorn": "^6.1.1",
        "acorn-dynamic-import": "^4.0.0",
        "acorn-jsx": "^5.0.1",
        "chalk": "^2.4.2",
        "magic-string": "^0.25.3",
        "minimist": "^1.2.0",
        "os-homedir": "^2.0.0",
        "regexpu-core": "^4.5.4"
      }
    },
    "buffer-from": {
      "version": "1.1.1",
      "resolved": "https://registry.npm.taobao.org/buffer-from/download/buffer-from-1.1.1.tgz",
      "integrity": "sha1-MnE7wCj3XAL9txDXx7zsHyxgcO8=",
      "dev": true
    },
    "builtin-modules": {
      "version": "3.1.0",
      "resolved": "https://registry.npm.taobao.org/builtin-modules/download/builtin-modules-3.1.0.tgz",
      "integrity": "sha1-qtl8FRMet2tltQ7yCOdYTNdqdIQ=",
      "dev": true
    },
    "chalk": {
      "version": "2.4.2",
      "resolved": "https://registry.npm.taobao.org/chalk/download/chalk-2.4.2.tgz?cache=0&sync_timestamp=1573282949696&other_urls=https%3A%2F%2Fregistry.npm.taobao.org%2Fchalk%2Fdownload%2Fchalk-2.4.2.tgz",
      "integrity": "sha1-zUJUFnelQzPPVBpJEIwUMrRMlCQ=",
      "dev": true,
      "requires": {
        "ansi-styles": "^3.2.1",
        "escape-string-regexp": "^1.0.5",
        "supports-color": "^5.3.0"
      }
    },
    "color-convert": {
      "version": "1.9.3",
      "resolved": "https://registry.npm.taobao.org/color-convert/download/color-convert-1.9.3.tgz",
      "integrity": "sha1-u3GFBpDh8TZWfeYp0tVHHe2kweg=",
      "dev": true,
      "requires": {
        "color-name": "1.1.3"
      }
    },
    "color-name": {
      "version": "1.1.3",
      "resolved": "https://registry.npm.taobao.org/color-name/download/color-name-1.1.3.tgz",
      "integrity": "sha1-p9BVi9icQveV3UIyj3QIMcpTvCU=",
      "dev": true
    },
    "commander": {
      "version": "2.20.3",
      "resolved": "https://registry.npm.taobao.org/commander/download/commander-2.20.3.tgz",
      "integrity": "sha1-/UhehMA+tIgcIHIrpIA16FMa6zM=",
      "dev": true
    },
    "earcut": {
      "version": "2.2.1",
      "resolved": "https://registry.npm.taobao.org/earcut/download/earcut-2.2.1.tgz",
      "integrity": "sha1-O64LG2/sQYU7VrEm8DpCo0so8dU="
    },
    "es6-promise-polyfill": {
      "version": "1.2.0",
      "resolved": "https://registry.npm.taobao.org/es6-promise-polyfill/download/es6-promise-polyfill-1.2.0.tgz",
      "integrity": "sha1-84kl8jyz4+jObNqP93T867sJDN4="
    },
    "escape-string-regexp": {
      "version": "1.0.5",
      "resolved": "https://registry.npm.taobao.org/escape-string-regexp/download/escape-string-regexp-1.0.5.tgz",
      "integrity": "sha1-G2HAViGQqN/2rjuyzwIAyhMLhtQ=",
      "dev": true
    },
    "estree-walker": {
      "version": "0.6.1",
      "resolved": "https://registry.npm.taobao.org/estree-walker/download/estree-walker-0.6.1.tgz?cache=0&sync_timestamp=1572191010814&other_urls=https%3A%2F%2Fregistry.npm.taobao.org%2Festree-walker%2Fdownload%2Festree-walker-0.6.1.tgz",
      "integrity": "sha1-UwSRQ/QMbrkYsjZx0f4yGfOhs2I=",
      "dev": true
    },
    "esutils": {
      "version": "2.0.3",
      "resolved": "https://registry.npm.taobao.org/esutils/download/esutils-2.0.3.tgz",
      "integrity": "sha1-dNLrTeC42hKTcRkQ1Qd1ubcQ72Q=",
      "dev": true
    },
    "eventemitter3": {
      "version": "3.1.2",
      "resolved": "https://registry.npm.taobao.org/eventemitter3/download/eventemitter3-3.1.2.tgz",
      "integrity": "sha1-LT1I+cNGaY/Og6hdfWZOmFNd9uc="
    },
    "has-flag": {
      "version": "3.0.0",
      "resolved": "https://registry.npm.taobao.org/has-flag/download/has-flag-3.0.0.tgz",
      "integrity": "sha1-tdRU3CGZriJWmfNGfloH87lVuv0=",
      "dev": true
    },
    "howler": {
      "version": "2.1.2",
      "resolved": "https://registry.npm.taobao.org/howler/download/howler-2.1.2.tgz",
      "integrity": "sha1-hDOgnY/oQTKj5ybgXLK9NS74vUk="
    },
    "is-module": {
      "version": "1.0.0",
      "resolved": "https://registry.npm.taobao.org/is-module/download/is-module-1.0.0.tgz",
      "integrity": "sha1-Mlj7afeMFNW4FdZkM2tM/7ZEFZE=",
      "dev": true
    },
    "is-reference": {
      "version": "1.1.4",
      "resolved": "https://registry.npm.taobao.org/is-reference/download/is-reference-1.1.4.tgz",
      "integrity": "sha1-P5WEmIbdtwJWo+bQYrGmjBPFFCc=",
      "dev": true,
      "requires": {
        "@types/estree": "0.0.39"
      }
    },
    "ismobilejs": {
      "version": "0.5.2",
      "resolved": "https://registry.npm.taobao.org/ismobilejs/download/ismobilejs-0.5.2.tgz",
      "integrity": "sha1-6Bus9hh8UyrYNINV9P7Nbmrf3OE="
    },
    "jest-worker": {
      "version": "24.9.0",
      "resolved": "https://registry.npm.taobao.org/jest-worker/download/jest-worker-24.9.0.tgz",
      "integrity": "sha1-Xb/bWy0yLphWeJgjipaXvM5ns+U=",
      "dev": true,
      "requires": {
        "merge-stream": "^2.0.0",
        "supports-color": "^6.1.0"
      },
      "dependencies": {
        "supports-color": {
          "version": "6.1.0",
          "resolved": "https://registry.npm.taobao.org/supports-color/download/supports-color-6.1.0.tgz?cache=0&other_urls=https%3A%2F%2Fregistry.npm.taobao.org%2Fsupports-color%2Fdownload%2Fsupports-color-6.1.0.tgz",
          "integrity": "sha1-B2Srxpxj1ayELdSGfo0CXogN+PM=",
          "dev": true,
          "requires": {
            "has-flag": "^3.0.0"
          }
        }
      }
    },
    "js-tokens": {
      "version": "4.0.0",
      "resolved": "https://registry.npm.taobao.org/js-tokens/download/js-tokens-4.0.0.tgz",
      "integrity": "sha1-GSA/tZmR35jjoocFDUZHzerzJJk=",
      "dev": true
    },
    "jsesc": {
      "version": "0.5.0",
      "resolved": "https://registry.npm.taobao.org/jsesc/download/jsesc-0.5.0.tgz",
      "integrity": "sha1-597mbjXW/Bb3EP6R1c9p9w8IkR0=",
      "dev": true
    },
    "magic-string": {
      "version": "0.25.4",
      "resolved": "https://registry.npm.taobao.org/magic-string/download/magic-string-0.25.4.tgz",
      "integrity": "sha1-MluKCnn8Qj2xCbd/1aGRg7e6UUM=",
      "dev": true,
      "requires": {
        "sourcemap-codec": "^1.4.4"
      }
    },
    "merge-stream": {
      "version": "2.0.0",
      "resolved": "https://registry.npm.taobao.org/merge-stream/download/merge-stream-2.0.0.tgz",
      "integrity": "sha1-UoI2KaFN0AyXcPtq1H3GMQ8sH2A=",
      "dev": true
    },
    "mime": {
      "version": "2.4.4",
      "resolved": "https://registry.npm.taobao.org/mime/download/mime-2.4.4.tgz",
      "integrity": "sha1-vXuRE1/GsBzePpuuM9ZZtj2IV+U=",
      "dev": true
    },
    "mini-signals": {
      "version": "1.2.0",
      "resolved": "https://registry.npm.taobao.org/mini-signals/download/mini-signals-1.2.0.tgz",
      "integrity": "sha1-RbCAE8X65RokqhqTXNMXye1yHXQ="
    },
    "minimist": {
      "version": "1.2.0",
      "resolved": "https://registry.npm.taobao.org/minimist/download/minimist-1.2.0.tgz",
      "integrity": "sha1-o1AIsg9BOD7sH7kU9M1d95omQoQ=",
      "dev": true
    },
    "object-assign": {
      "version": "4.1.1",
      "resolved": "https://registry.npm.taobao.org/object-assign/download/object-assign-4.1.1.tgz",
      "integrity": "sha1-IQmtx5ZYh8/AXLvUQsrIv7s2CGM="
    },
    "opener": {
      "version": "1.5.1",
      "resolved": "https://registry.npm.taobao.org/opener/download/opener-1.5.1.tgz",
      "integrity": "sha1-bS8Od/GgrwAyrKcWwsH7uOfoq+0=",
      "dev": true
    },
    "os-homedir": {
      "version": "2.0.0",
      "resolved": "https://registry.npm.taobao.org/os-homedir/download/os-homedir-2.0.0.tgz",
      "integrity": "sha1-oMdrsAGoOSpQPL1G5+ZQs0I6kjw=",
      "dev": true
    },
    "parse-uri": {
      "version": "1.0.0",
      "resolved": "https://registry.npm.taobao.org/parse-uri/download/parse-uri-1.0.0.tgz",
      "integrity": "sha1-KHLcwi8aeXrN4Vg9igrClVLdrCA="
    },
    "path-parse": {
      "version": "1.0.6",
      "resolved": "https://registry.npm.taobao.org/path-parse/download/path-parse-1.0.6.tgz",
      "integrity": "sha1-1i27VnlAXXLEc37FhgDp3c8G0kw=",
      "dev": true
    },
    "pixi.js": {
      "version": "5.2.0",
      "resolved": "https://registry.npm.taobao.org/pixi.js/download/pixi.js-5.2.0.tgz",
      "integrity": "sha1-CX65CCXNKOQCMMd5mYh21XXQK2k=",
      "requires": {
        "@pixi/accessibility": "^5.2.0",
        "@pixi/app": "^5.2.0",
        "@pixi/constants": "^5.2.0",
        "@pixi/core": "^5.2.0",
        "@pixi/display": "^5.2.0",
        "@pixi/extract": "^5.2.0",
        "@pixi/filter-alpha": "^5.2.0",
        "@pixi/filter-blur": "^5.2.0",
        "@pixi/filter-color-matrix": "^5.2.0",
        "@pixi/filter-displacement": "^5.2.0",
        "@pixi/filter-fxaa": "^5.2.0",
        "@pixi/filter-noise": "^5.2.0",
        "@pixi/graphics": "^5.2.0",
        "@pixi/interaction": "^5.2.0",
        "@pixi/loaders": "^5.2.0",
        "@pixi/math": "^5.2.0",
        "@pixi/mesh": "^5.2.0",
        "@pixi/mesh-extras": "^5.2.0",
        "@pixi/mixin-cache-as-bitmap": "^5.2.0",
        "@pixi/mixin-get-child-by-name": "^5.2.0",
        "@pixi/mixin-get-global-position": "^5.2.0",
        "@pixi/particles": "^5.2.0",
        "@pixi/polyfill": "^5.2.0",
        "@pixi/prepare": "^5.2.0",
        "@pixi/runner": "^5.2.0",
        "@pixi/settings": "^5.2.0",
        "@pixi/sprite": "^5.2.0",
        "@pixi/sprite-animated": "^5.2.0",
        "@pixi/sprite-tiling": "^5.2.0",
        "@pixi/spritesheet": "^5.2.0",
        "@pixi/text": "^5.2.0",
        "@pixi/text-bitmap": "^5.2.0",
        "@pixi/ticker": "^5.2.0",
        "@pixi/utils": "^5.2.0"
      }
    },
    "punycode": {
      "version": "1.3.2",
      "resolved": "https://registry.npm.taobao.org/punycode/download/punycode-1.3.2.tgz",
      "integrity": "sha1-llOgNvt8HuQjQvIyXM7v6jkmxI0="
    },
    "querystring": {
      "version": "0.2.0",
      "resolved": "https://registry.npm.taobao.org/querystring/download/querystring-0.2.0.tgz",
      "integrity": "sha1-sgmEkgO7Jd+CDadW50cAWHhSFiA="
    },
    "regenerate": {
      "version": "1.4.0",
      "resolved": "https://registry.npm.taobao.org/regenerate/download/regenerate-1.4.0.tgz",
      "integrity": "sha1-SoVuxLVuQHfFV1icroXnpMiGmhE=",
      "dev": true
    },
    "regenerate-unicode-properties": {
      "version": "8.1.0",
      "resolved": "https://registry.npm.taobao.org/regenerate-unicode-properties/download/regenerate-unicode-properties-8.1.0.tgz",
      "integrity": "sha1-71Hg8OpK1CS3e/fLQfPgFccKPw4=",
      "dev": true,
      "requires": {
        "regenerate": "^1.4.0"
      }
    },
    "regexpu-core": {
      "version": "4.6.0",
      "resolved": "https://registry.npm.taobao.org/regexpu-core/download/regexpu-core-4.6.0.tgz",
      "integrity": "sha1-IDfBizJ8/Oim/qKk7EQfJDKvuLY=",
      "dev": true,
      "requires": {
        "regenerate": "^1.4.0",
        "regenerate-unicode-properties": "^8.1.0",
        "regjsgen": "^0.5.0",
        "regjsparser": "^0.6.0",
        "unicode-match-property-ecmascript": "^1.0.4",
        "unicode-match-property-value-ecmascript": "^1.1.0"
      }
    },
    "regjsgen": {
      "version": "0.5.1",
      "resolved": "https://registry.npm.taobao.org/regjsgen/download/regjsgen-0.5.1.tgz",
      "integrity": "sha1-SPC/Gl6iBRlpKcDZeYtC0e2YRDw=",
      "dev": true
    },
    "regjsparser": {
      "version": "0.6.0",
      "resolved": "https://registry.npm.taobao.org/regjsparser/download/regjsparser-0.6.0.tgz",
      "integrity": "sha1-8eaui32iuulsmTmbhozWyTOiupw=",
      "dev": true,
      "requires": {
        "jsesc": "~0.5.0"
      }
    },
    "resolve": {
      "version": "1.12.0",
      "resolved": "https://registry.npm.taobao.org/resolve/download/resolve-1.12.0.tgz",
      "integrity": "sha1-P8ZEo1yEpIVUYJ/ybsUrZvpXffY=",
      "dev": true,
      "requires": {
        "path-parse": "^1.0.6"
      }
    },
    "resource-loader": {
      "version": "3.0.1",
      "resolved": "https://registry.npm.taobao.org/resource-loader/download/resource-loader-3.0.1.tgz",
      "integrity": "sha1-MzVbtUIeKZT1lFS7x/bb/43wbUc=",
      "requires": {
        "mini-signals": "^1.2.0",
        "parse-uri": "^1.0.0"
      }
    },
    "rollup-plugin-buble": {
      "version": "0.19.8",
      "resolved": "https://registry.npm.taobao.org/rollup-plugin-buble/download/rollup-plugin-buble-0.19.8.tgz",
      "integrity": "sha1-+SMuK7YqdXPQT5cFwb1vAsKgLGo=",
      "dev": true,
      "requires": {
        "buble": "^0.19.8",
        "rollup-pluginutils": "^2.3.3"
      }
    },
    "rollup-plugin-commonjs": {
      "version": "10.1.0",
      "resolved": "https://registry.npm.taobao.org/rollup-plugin-commonjs/download/rollup-plugin-commonjs-10.1.0.tgz",
      "integrity": "sha1-QXrztUUDh44ITRJ6300cr4vrhvs=",
      "dev": true,
      "requires": {
        "estree-walker": "^0.6.1",
        "is-reference": "^1.1.2",
        "magic-string": "^0.25.2",
        "resolve": "^1.11.0",
        "rollup-pluginutils": "^2.8.1"
      }
    },
    "rollup-plugin-node-resolve": {
      "version": "5.2.0",
      "resolved": "https://registry.npm.taobao.org/rollup-plugin-node-resolve/download/rollup-plugin-node-resolve-5.2.0.tgz",
      "integrity": "sha1-cw+T0Q7SAkc7H7VKWZen24xthSM=",
      "dev": true,
      "requires": {
        "@types/resolve": "0.0.8",
        "builtin-modules": "^3.1.0",
        "is-module": "^1.0.0",
        "resolve": "^1.11.1",
        "rollup-pluginutils": "^2.8.1"
      }
    },
    "rollup-plugin-serve": {
      "version": "1.0.1",
      "resolved": "https://registry.npm.taobao.org/rollup-plugin-serve/download/rollup-plugin-serve-1.0.1.tgz",
      "integrity": "sha1-LaKnhKkWxVZGCcdpbNnazb8X9sw=",
      "dev": true,
      "requires": {
        "mime": ">=2.0.3",
        "opener": "1"
      }
    },
    "rollup-plugin-terser": {
      "version": "5.1.2",
      "resolved": "https://registry.npm.taobao.org/rollup-plugin-terser/download/rollup-plugin-terser-5.1.2.tgz?cache=0&sync_timestamp=1568305050829&other_urls=https%3A%2F%2Fregistry.npm.taobao.org%2Frollup-plugin-terser%2Fdownload%2Frollup-plugin-terser-5.1.2.tgz",
      "integrity": "sha1-PkElYgXLdfGW/HDUY0In0QAsJVw=",
      "dev": true,
      "requires": {
        "@babel/code-frame": "^7.0.0",
        "jest-worker": "^24.6.0",
        "rollup-pluginutils": "^2.8.1",
        "serialize-javascript": "^1.7.0",
        "terser": "^4.1.0"
      }
    },
    "rollup-plugin-typescript": {
      "version": "1.0.1",
      "resolved": "https://registry.npm.taobao.org/rollup-plugin-typescript/download/rollup-plugin-typescript-1.0.1.tgz",
      "integrity": "sha1-hlZQM7cUw9Hzq6UQqtPcUZ9wkek=",
      "dev": true,
      "requires": {
        "resolve": "^1.10.0",
        "rollup-pluginutils": "^2.5.0"
      }
    },
    "rollup-pluginutils": {
      "version": "2.8.2",
      "resolved": "https://registry.npm.taobao.org/rollup-pluginutils/download/rollup-pluginutils-2.8.2.tgz",
      "integrity": "sha1-cvKvB0i1kjZNvTOJ5gDlqURKNR4=",
      "dev": true,
      "requires": {
        "estree-walker": "^0.6.1"
      }
    },
    "serialize-javascript": {
      "version": "1.9.1",
      "resolved": "https://registry.npm.taobao.org/serialize-javascript/download/serialize-javascript-1.9.1.tgz",
      "integrity": "sha1-z8IArvd7YAxH2pu4FJyUPnmML9s=",
      "dev": true
    },
    "source-map": {
      "version": "0.6.1",
      "resolved": "https://registry.npm.taobao.org/source-map/download/source-map-0.6.1.tgz",
      "integrity": "sha1-dHIq8y6WFOnCh6jQu95IteLxomM=",
      "dev": true
    },
    "source-map-support": {
      "version": "0.5.16",
      "resolved": "https://registry.npm.taobao.org/source-map-support/download/source-map-support-0.5.16.tgz?cache=0&sync_timestamp=1572389965235&other_urls=https%3A%2F%2Fregistry.npm.taobao.org%2Fsource-map-support%2Fdownload%2Fsource-map-support-0.5.16.tgz",
      "integrity": "sha1-CuBp5/47p1OMZMmFFeNTOerFoEI=",
      "dev": true,
      "requires": {
        "buffer-from": "^1.0.0",
        "source-map": "^0.6.0"
      }
    },
    "sourcemap-codec": {
      "version": "1.4.6",
      "resolved": "https://registry.npm.taobao.org/sourcemap-codec/download/sourcemap-codec-1.4.6.tgz?cache=0&sync_timestamp=1562200915929&other_urls=https%3A%2F%2Fregistry.npm.taobao.org%2Fsourcemap-codec%2Fdownload%2Fsourcemap-codec-1.4.6.tgz",
      "integrity": "sha1-4wp08EArrQmAdkDTnpcQkKCM4ek=",
      "dev": true
    },
    "supports-color": {
      "version": "5.5.0",
      "resolved": "https://registry.npm.taobao.org/supports-color/download/supports-color-5.5.0.tgz?cache=0&other_urls=https%3A%2F%2Fregistry.npm.taobao.org%2Fsupports-color%2Fdownload%2Fsupports-color-5.5.0.tgz",
      "integrity": "sha1-4uaaRKyHcveKHsCzW2id9lMO/I8=",
      "dev": true,
      "requires": {
        "has-flag": "^3.0.0"
      }
    },
    "terser": {
      "version": "4.4.0",
      "resolved": "https://registry.npm.taobao.org/terser/download/terser-4.4.0.tgz?cache=0&sync_timestamp=1573407784308&other_urls=https%3A%2F%2Fregistry.npm.taobao.org%2Fterser%2Fdownload%2Fterser-4.4.0.tgz",
      "integrity": "sha1-IsRrSBfPTJVlQ0v+atRzNq8lmsM=",
      "dev": true,
      "requires": {
        "commander": "^2.20.0",
        "source-map": "~0.6.1",
        "source-map-support": "~0.5.12"
      }
    },
    "tslib": {
      "version": "1.10.0",
      "resolved": "https://registry.npm.taobao.org/tslib/download/tslib-1.10.0.tgz",
      "integrity": "sha1-w8GflZc/sKYpc/sJ2Q2WHuQ+XIo=",
      "dev": true
    },
    "typescript": {
      "version": "3.7.2",
      "resolved": "https://registry.npm.taobao.org/typescript/download/typescript-3.7.2.tgz",
      "integrity": "sha1-J+SJuV+lkJRF6f717kjYFpetGPs=",
      "dev": true
    },
    "unicode-canonical-property-names-ecmascript": {
      "version": "1.0.4",
      "resolved": "https://registry.npm.taobao.org/unicode-canonical-property-names-ecmascript/download/unicode-canonical-property-names-ecmascript-1.0.4.tgz",
      "integrity": "sha1-JhmADEyCWADv3YNDr33Zkzy+KBg=",
      "dev": true
    },
    "unicode-match-property-ecmascript": {
      "version": "1.0.4",
      "resolved": "https://registry.npm.taobao.org/unicode-match-property-ecmascript/download/unicode-match-property-ecmascript-1.0.4.tgz",
      "integrity": "sha1-jtKjJWmWG86SJ9Cc0/+7j+1fAgw=",
      "dev": true,
      "requires": {
        "unicode-canonical-property-names-ecmascript": "^1.0.4",
        "unicode-property-aliases-ecmascript": "^1.0.4"
      }
    },
    "unicode-match-property-value-ecmascript": {
      "version": "1.1.0",
      "resolved": "https://registry.npm.taobao.org/unicode-match-property-value-ecmascript/download/unicode-match-property-value-ecmascript-1.1.0.tgz",
      "integrity": "sha1-W0tCbgjROoA2Xg1lesemwexGonc=",
      "dev": true
    },
    "unicode-property-aliases-ecmascript": {
      "version": "1.0.5",
      "resolved": "https://registry.npm.taobao.org/unicode-property-aliases-ecmascript/download/unicode-property-aliases-ecmascript-1.0.5.tgz",
      "integrity": "sha1-qcxsx85joKMCP8meNBuUQx1AWlc=",
      "dev": true
    },
    "url": {
      "version": "0.11.0",
      "resolved": "https://registry.npm.taobao.org/url/download/url-0.11.0.tgz",
      "integrity": "sha1-ODjpfPxgUh63PFJajlW/3Z4uKPE=",
      "requires": {
        "punycode": "1.3.2",
        "querystring": "0.2.0"
      }
    }
  }
}
